
Microsoft Visual Studio Solution File, Format Version 11.00
# Visual Studio 2010
Project("{FAE04EC0-301F-11D3-BF4B-00C04F79EFBC}") = "ClasesBase", "ClasesBase\ClasesBase.csproj", "{5267690D-FA0F-4B7D-91B3-05A6A76BFBEA}"
EndProject
Project("{FAE04EC0-301F-11D3-BF4B-00C04F79EFBC}") = "Vistas", "Vistas\Vistas.csproj", "{EDABFFB9-C5BC-492C-8866-24617CCB9697}"
EndProject
Project("{54435603-DBB4-11D2-8724-00A0C9A8B90C}") = "SetupSGOptica", "SetupSGOptica\SetupSGOptica.vdproj", "{2636FED8-AAD2-469B-BE30-D992B5C52353}"
EndProject
Global
	GlobalSection(SolutionConfigurationPlatforms) = preSolution
		Debug|Any CPU = Debug|Any CPU
		Debug|Mixed Platforms = Debug|Mixed Platforms
		Debug|x86 = Debug|x86
		Release|Any CPU = Release|Any CPU
		Release|Mixed Platforms = Release|Mixed Platforms
		Release|x86 = Release|x86
	EndGlobalSection
	GlobalSection(ProjectConfigurationPlatforms) = postSolution
		{5267690D-FA0F-4B7D-91B3-05A6A76BFBEA}.Debug|Any CPU.ActiveCfg = Debug|Any CPU
		{5267690D-FA0F-4B7D-91B3-05A6A76BFBEA}.Debug|Any CPU.Build.0 = Debug|Any CPU
		{5267690D-FA0F-4B7D-91B3-05A6A76BFBEA}.Debug|Mixed Platforms.ActiveCfg = Debug|Any CPU
		{5267690D-FA0F-4B7D-91B3-05A6A76BFBEA}.Debug|Mixed Platforms.Build.0 = Debug|Any CPU
		{5267690D-FA0F-4B7D-91B3-05A6A76BFBEA}.Debug|x86.ActiveCfg = Debug|Any CPU
		{5267690D-FA0F-4B7D-91B3-05A6A76BFBEA}.Release|Any CPU.ActiveCfg = Release|Any CPU
		{5267690D-FA0F-4B7D-91B3-05A6A76BFBEA}.Release|Any CPU.Build.0 = Release|Any CPU
		{5267690D-FA0F-4B7D-91B3-05A6A76BFBEA}.Release|Mixed Platforms.ActiveCfg = Release|Any CPU
		{5267690D-FA0F-4B7D-91B3-05A6A76BFBEA}.Release|Mixed Platforms.Build.0 = Release|Any CPU
		{5267690D-FA0F-4B7D-91B3-05A6A76BFBEA}.Release|x86.ActiveCfg = Release|Any CPU
		{EDABFFB9-C5BC-492C-8866-24617CCB9697}.Debug|Any CPU.ActiveCfg = Debug|x86
		{EDABFFB9-C5BC-492C-8866-24617CCB9697}.Debug|Mixed Platforms.ActiveCfg = Debug|x86
		{EDABFFB9-C5BC-492C-8866-24617CCB9697}.Debug|Mixed Platforms.Build.0 = Debug|x86
		{EDABFFB9-C5BC-492C-8866-24617CCB9697}.Debug|x86.ActiveCfg = Debug|x86
		{EDABFFB9-C5BC-492C-8866-24617CCB9697}.Debug|x86.Build.0 = Debug|x86
		{EDABFFB9-C5BC-492C-8866-24617CCB9697}.Release|Any CPU.ActiveCfg = Release|x86
		{EDABFFB9-C5BC-492C-8866-24617CCB9697}.Release|Mixed Platforms.ActiveCfg = Release|x86
		{EDABFFB9-C5BC-492C-8866-24617CCB9697}.Release|Mixed Platforms.Build.0 = Release|x86
		{EDABFFB9-C5BC-492C-8866-24617CCB9697}.Release|x86.ActiveCfg = Release|x86
		{EDABFFB9-C5BC-492C-8866-24617CCB9697}.Release|x86.Build.0 = Release|x86
		{2636FED8-AAD2-469B-BE30-D992B5C52353}.Debug|Any CPU.ActiveCfg = Debug
		{2636FED8-AAD2-469B-BE30-D992B5C52353}.Debug|Mixed Platforms.ActiveCfg = Debug
		{2636FED8-AAD2-469B-BE30-D992B5C52353}.Debug|x86.ActiveCfg = Debug
		{2636FED8-AAD2-469B-BE30-D992B5C52353}.Release|Any CPU.ActiveCfg = Release
		{2636FED8-AAD2-469B-BE30-D992B5C52353}.Release|Mixed Platforms.ActiveCfg = Release
		{2636FED8-AAD2-469B-BE30-D992B5C52353}.Release|x86.ActiveCfg = Release
	EndGlobalSection
	GlobalSection(SolutionProperties) = preSolution
		HideSolutionNode = FALSE
	EndGlobalSection
EndGlobal
